
Microsoft Visual Studio Solution File, Format Version 12.00
# Visual Studio Version 16
VisualStudioVersion = 16.0.29411.108
MinimumVisualStudioVersion = 10.0.40219.1
Project("{FAE04EC0-301F-11D3-BF4B-00C04F79EFBC}") = "RsaAndAes", "RsaAndAes\RsaAndAes.csproj", "{4AF8D77B-4D85-4CE1-8FFC-40479FB7E62B}"
EndProject
Global
	GlobalSection(SolutionConfigurationPlatforms) = preSolution
		Debug|Any CPU = Debug|Any CPU
		Release|Any CPU = Release|Any CPU
	EndGlobalSection
	GlobalSection(ProjectConfigurationPlatforms) = postSolution
		{4AF8D77B-4D85-4CE1-8FFC-40479FB7E62B}.Debug|Any CPU.ActiveCfg = Debug|Any CPU
		{4AF8D77B-4D85-4CE1-8FFC-40479FB7E62B}.Debug|Any CPU.Build.0 = Debug|Any CPU
		{4AF8D77B-4D85-4CE1-8FFC-40479FB7E62B}.Release|Any CPU.ActiveCfg = Release|Any CPU
		{4AF8D77B-4D85-4CE1-8FFC-40479FB7E62B}.Release|Any CPU.Build.0 = Release|Any CPU
	EndGlobalSection
	GlobalSection(SolutionProperties) = preSolution
		HideSolutionNode = FALSE
	EndGlobalSection
	GlobalSection(ExtensibilityGlobals) = postSolution
		SolutionGuid = {CAFEF857-6047-4928-947B-E0CF4E0848E9}
	EndGlobalSection
EndGlobal
